// !$*UTF8*$!
{
	archiveVersion = 1;
	classes = {
	};
	objectVersion = 56;
	objects = {

/* Begin PBXBuildFile section */
		CCB756F52A9E02C0007DC0FF /* ColorCollectionView.swift in Sources */ = {isa = PBXBuildFile; fileRef = CCB756F42A9E02C0007DC0FF /* ColorCollectionView.swift */; };
		CCB756F72A9E02DE007DC0FF /* EmojiCollectionView.swift in Sources */ = {isa = PBXBuildFile; fileRef = CCB756F62A9E02DE007DC0FF /* EmojiCollectionView.swift */; };
		CCB756F92A9E2096007DC0FF /* EmojiCollectionViewCell.swift in Sources */ = {isa = PBXBuildFile; fileRef = CCB756F82A9E2096007DC0FF /* EmojiCollectionViewCell.swift */; };
		CCB756FB2A9E21FC007DC0FF /* ColorCollectionViewCell.swift in Sources */ = {isa = PBXBuildFile; fileRef = CCB756FA2A9E21FC007DC0FF /* ColorCollectionViewCell.swift */; };
		CCBA8C382AC6E6BA009C30FB /* Model.xcdatamodeld in Sources */ = {isa = PBXBuildFile; fileRef = CCBA8C362AC6E6BA009C30FB /* Model.xcdatamodeld */; };
		CCBA8C3C2AC6F433009C30FB /* TrackerStore.swift in Sources */ = {isa = PBXBuildFile; fileRef = CCBA8C3B2AC6F433009C30FB /* TrackerStore.swift */; };
		CCBA8C3E2AC6F441009C30FB /* TrackerCategoryStore.swift in Sources */ = {isa = PBXBuildFile; fileRef = CCBA8C3D2AC6F441009C30FB /* TrackerCategoryStore.swift */; };
		CCBA8C402AC6F44E009C30FB /* TrackerRecordStore.swift in Sources */ = {isa = PBXBuildFile; fileRef = CCBA8C3F2AC6F44E009C30FB /* TrackerRecordStore.swift */; };
		CCBBA1D52A976EAE0054174F /* AppDelegate.swift in Sources */ = {isa = PBXBuildFile; fileRef = CCBBA1D42A976EAE0054174F /* AppDelegate.swift */; };
		CCBBA1D72A976EAE0054174F /* SceneDelegate.swift in Sources */ = {isa = PBXBuildFile; fileRef = CCBBA1D62A976EAE0054174F /* SceneDelegate.swift */; };
		CCBBA1DE2A976EAF0054174F /* Assets.xcassets in Resources */ = {isa = PBXBuildFile; fileRef = CCBBA1DD2A976EAF0054174F /* Assets.xcassets */; };
		CCBBA1E12A976EAF0054174F /* LaunchScreen.storyboard in Resources */ = {isa = PBXBuildFile; fileRef = CCBBA1DF2A976EAF0054174F /* LaunchScreen.storyboard */; };
		CCBBA1E92A9783EA0054174F /* UIColor+Extentions.swift in Sources */ = {isa = PBXBuildFile; fileRef = CCBBA1E82A9783EA0054174F /* UIColor+Extentions.swift */; };
		CCBBA1EC2A978BAD0054174F /* TabBarController.swift in Sources */ = {isa = PBXBuildFile; fileRef = CCBBA1EB2A978BAD0054174F /* TabBarController.swift */; };
		CCBBA1EE2A978BF50054174F /* TrackersViewController.swift in Sources */ = {isa = PBXBuildFile; fileRef = CCBBA1ED2A978BF50054174F /* TrackersViewController.swift */; };
		CCBBA1F02A979E700054174F /* SelectionViewController.swift in Sources */ = {isa = PBXBuildFile; fileRef = CCBBA1EF2A979E700054174F /* SelectionViewController.swift */; };
		CCBBA1F22A9914C10054174F /* TrackerModals.swift in Sources */ = {isa = PBXBuildFile; fileRef = CCBBA1F12A9914C10054174F /* TrackerModals.swift */; };
		CCBBA1F42A9923540054174F /* TrackerCreationViewController.swift in Sources */ = {isa = PBXBuildFile; fileRef = CCBBA1F32A9923540054174F /* TrackerCreationViewController.swift */; };
		CCBBA1F62A9923800054174F /* ScheduleSettingViewController.swift in Sources */ = {isa = PBXBuildFile; fileRef = CCBBA1F52A9923800054174F /* ScheduleSettingViewController.swift */; };
		CCBBA1F82A9B71B80054174F /* TrackerCell.swift in Sources */ = {isa = PBXBuildFile; fileRef = CCBBA1F72A9B71B80054174F /* TrackerCell.swift */; };
		CCD3C6032AA2524E00B5804C /* CategoryViewController.swift in Sources */ = {isa = PBXBuildFile; fileRef = CCD3C6022AA2524E00B5804C /* CategoryViewController.swift */; };
		CCD7BB2E2ADC56640074343F /* OnboardingPageViewController.swift in Sources */ = {isa = PBXBuildFile; fileRef = CCD7BB2D2ADC56640074343F /* OnboardingPageViewController.swift */; };
		CCD7BB302ADC56DD0074343F /* OnboardingViewController.swift in Sources */ = {isa = PBXBuildFile; fileRef = CCD7BB2F2ADC56DD0074343F /* OnboardingViewController.swift */; };
		CCD7BB322ADC57930074343F /* OnboardingPageModel.swift in Sources */ = {isa = PBXBuildFile; fileRef = CCD7BB312ADC57930074343F /* OnboardingPageModel.swift */; };
		CCF94E832AD03B8200AFDCE8 /* CoreDataManager.swift in Sources */ = {isa = PBXBuildFile; fileRef = CCF94E822AD03B8200AFDCE8 /* CoreDataManager.swift */; };
		CCF94E852AD041CC00AFDCE8 /* UIColorValueTransformer.swift in Sources */ = {isa = PBXBuildFile; fileRef = CCF94E842AD041CC00AFDCE8 /* UIColorValueTransformer.swift */; };
		CCF94E872AD0443000AFDCE8 /* ScheduleValueTransformer.swift in Sources */ = {isa = PBXBuildFile; fileRef = CCF94E862AD0443000AFDCE8 /* ScheduleValueTransformer.swift */; };
/* End PBXBuildFile section */

/* Begin PBXFileReference section */
		CCB756F42A9E02C0007DC0FF /* ColorCollectionView.swift */ = {isa = PBXFileReference; lastKnownFileType = sourcecode.swift; path = ColorCollectionView.swift; sourceTree = "<group>"; };
		CCB756F62A9E02DE007DC0FF /* EmojiCollectionView.swift */ = {isa = PBXFileReference; lastKnownFileType = sourcecode.swift; path = EmojiCollectionView.swift; sourceTree = "<group>"; };
		CCB756F82A9E2096007DC0FF /* EmojiCollectionViewCell.swift */ = {isa = PBXFileReference; lastKnownFileType = sourcecode.swift; path = EmojiCollectionViewCell.swift; sourceTree = "<group>"; };
		CCB756FA2A9E21FC007DC0FF /* ColorCollectionViewCell.swift */ = {isa = PBXFileReference; lastKnownFileType = sourcecode.swift; path = ColorCollectionViewCell.swift; sourceTree = "<group>"; };
		CCBA8C372AC6E6BA009C30FB /* Model.xcdatamodel */ = {isa = PBXFileReference; lastKnownFileType = wrapper.xcdatamodel; path = Model.xcdatamodel; sourceTree = "<group>"; };
		CCBA8C3B2AC6F433009C30FB /* TrackerStore.swift */ = {isa = PBXFileReference; lastKnownFileType = sourcecode.swift; path = TrackerStore.swift; sourceTree = "<group>"; };
		CCBA8C3D2AC6F441009C30FB /* TrackerCategoryStore.swift */ = {isa = PBXFileReference; lastKnownFileType = sourcecode.swift; path = TrackerCategoryStore.swift; sourceTree = "<group>"; };
		CCBA8C3F2AC6F44E009C30FB /* TrackerRecordStore.swift */ = {isa = PBXFileReference; lastKnownFileType = sourcecode.swift; path = TrackerRecordStore.swift; sourceTree = "<group>"; };
		CCBBA1D12A976EAE0054174F /* Tracker.app */ = {isa = PBXFileReference; explicitFileType = wrapper.application; includeInIndex = 0; path = Tracker.app; sourceTree = BUILT_PRODUCTS_DIR; };
		CCBBA1D42A976EAE0054174F /* AppDelegate.swift */ = {isa = PBXFileReference; lastKnownFileType = sourcecode.swift; path = AppDelegate.swift; sourceTree = "<group>"; };
		CCBBA1D62A976EAE0054174F /* SceneDelegate.swift */ = {isa = PBXFileReference; lastKnownFileType = sourcecode.swift; path = SceneDelegate.swift; sourceTree = "<group>"; };
		CCBBA1DD2A976EAF0054174F /* Assets.xcassets */ = {isa = PBXFileReference; lastKnownFileType = folder.assetcatalog; path = Assets.xcassets; sourceTree = "<group>"; };
		CCBBA1E02A976EAF0054174F /* Base */ = {isa = PBXFileReference; lastKnownFileType = file.storyboard; name = Base; path = Base.lproj/LaunchScreen.storyboard; sourceTree = "<group>"; };
		CCBBA1E22A976EAF0054174F /* Info.plist */ = {isa = PBXFileReference; lastKnownFileType = text.plist.xml; path = Info.plist; sourceTree = "<group>"; };
		CCBBA1E82A9783EA0054174F /* UIColor+Extentions.swift */ = {isa = PBXFileReference; lastKnownFileType = sourcecode.swift; path = "UIColor+Extentions.swift"; sourceTree = "<group>"; };
		CCBBA1EB2A978BAD0054174F /* TabBarController.swift */ = {isa = PBXFileReference; lastKnownFileType = sourcecode.swift; path = TabBarController.swift; sourceTree = "<group>"; };
		CCBBA1ED2A978BF50054174F /* TrackersViewController.swift */ = {isa = PBXFileReference; lastKnownFileType = sourcecode.swift; path = TrackersViewController.swift; sourceTree = "<group>"; };
		CCBBA1EF2A979E700054174F /* SelectionViewController.swift */ = {isa = PBXFileReference; lastKnownFileType = sourcecode.swift; path = SelectionViewController.swift; sourceTree = "<group>"; };
		CCBBA1F12A9914C10054174F /* TrackerModals.swift */ = {isa = PBXFileReference; lastKnownFileType = sourcecode.swift; path = TrackerModals.swift; sourceTree = "<group>"; };
		CCBBA1F32A9923540054174F /* TrackerCreationViewController.swift */ = {isa = PBXFileReference; lastKnownFileType = sourcecode.swift; path = TrackerCreationViewController.swift; sourceTree = "<group>"; };
		CCBBA1F52A9923800054174F /* ScheduleSettingViewController.swift */ = {isa = PBXFileReference; lastKnownFileType = sourcecode.swift; path = ScheduleSettingViewController.swift; sourceTree = "<group>"; };
		CCBBA1F72A9B71B80054174F /* TrackerCell.swift */ = {isa = PBXFileReference; lastKnownFileType = sourcecode.swift; path = TrackerCell.swift; sourceTree = "<group>"; };
		CCD3C6022AA2524E00B5804C /* CategoryViewController.swift */ = {isa = PBXFileReference; lastKnownFileType = sourcecode.swift; path = CategoryViewController.swift; sourceTree = "<group>"; };
		CCD7BB2D2ADC56640074343F /* OnboardingPageViewController.swift */ = {isa = PBXFileReference; lastKnownFileType = sourcecode.swift; path = OnboardingPageViewController.swift; sourceTree = "<group>"; };
		CCD7BB2F2ADC56DD0074343F /* OnboardingViewController.swift */ = {isa = PBXFileReference; lastKnownFileType = sourcecode.swift; path = OnboardingViewController.swift; sourceTree = "<group>"; };
		CCD7BB312ADC57930074343F /* OnboardingPageModel.swift */ = {isa = PBXFileReference; lastKnownFileType = sourcecode.swift; path = OnboardingPageModel.swift; sourceTree = "<group>"; };
		CCF94E822AD03B8200AFDCE8 /* CoreDataManager.swift */ = {isa = PBXFileReference; lastKnownFileType = sourcecode.swift; path = CoreDataManager.swift; sourceTree = "<group>"; };
		CCF94E842AD041CC00AFDCE8 /* UIColorValueTransformer.swift */ = {isa = PBXFileReference; lastKnownFileType = sourcecode.swift; path = UIColorValueTransformer.swift; sourceTree = "<group>"; };
		CCF94E862AD0443000AFDCE8 /* ScheduleValueTransformer.swift */ = {isa = PBXFileReference; lastKnownFileType = sourcecode.swift; path = ScheduleValueTransformer.swift; sourceTree = "<group>"; };
/* End PBXFileReference section */

/* Begin PBXFrameworksBuildPhase section */
		CCBBA1CE2A976EAE0054174F /* Frameworks */ = {
			isa = PBXFrameworksBuildPhase;
			buildActionMask = 2147483647;
			files = (
			);
			runOnlyForDeploymentPostprocessing = 0;
		};
/* End PBXFrameworksBuildPhase section */

/* Begin PBXGroup section */
		CC9307292ABC641F00A9170A /* Modals */ = {
			isa = PBXGroup;
			children = (
				CCBBA1F12A9914C10054174F /* TrackerModals.swift */,
				CCD7BB312ADC57930074343F /* OnboardingPageModel.swift */,
			);
			path = Modals;
			sourceTree = "<group>";
		};
		CC93072A2ABC643900A9170A /* ViewControllers */ = {
			isa = PBXGroup;
			children = (
				CCBBA1F32A9923540054174F /* TrackerCreationViewController.swift */,
				CCD3C6022AA2524E00B5804C /* CategoryViewController.swift */,
				CCBBA1EF2A979E700054174F /* SelectionViewController.swift */,
				CCBBA1ED2A978BF50054174F /* TrackersViewController.swift */,
				CCBBA1F52A9923800054174F /* ScheduleSettingViewController.swift */,
				CCD7BB2D2ADC56640074343F /* OnboardingPageViewController.swift */,
				CCD7BB2F2ADC56DD0074343F /* OnboardingViewController.swift */,
			);
			path = ViewControllers;
			sourceTree = "<group>";
		};
		CC93072B2ABC646000A9170A /* Collections */ = {
			isa = PBXGroup;
			children = (
				CCB756F62A9E02DE007DC0FF /* EmojiCollectionView.swift */,
				CCB756F42A9E02C0007DC0FF /* ColorCollectionView.swift */,
			);
			path = Collections;
			sourceTree = "<group>";
		};
		CCBA8C3A2AC6F416009C30FB /* CoreData */ = {
			isa = PBXGroup;
			children = (
				CCF94E822AD03B8200AFDCE8 /* CoreDataManager.swift */,
				CCBA8C362AC6E6BA009C30FB /* Model.xcdatamodeld */,
				CCBA8C3B2AC6F433009C30FB /* TrackerStore.swift */,
				CCBA8C3D2AC6F441009C30FB /* TrackerCategoryStore.swift */,
				CCBA8C3F2AC6F44E009C30FB /* TrackerRecordStore.swift */,
			);
			path = CoreData;
			sourceTree = "<group>";
		};
		CCBBA1C82A976EAE0054174F = {
			isa = PBXGroup;
			children = (
				CCBBA1D32A976EAE0054174F /* Tracker */,
				CCBBA1D22A976EAE0054174F /* Products */,
			);
			sourceTree = "<group>";
		};
		CCBBA1D22A976EAE0054174F /* Products */ = {
			isa = PBXGroup;
			children = (
				CCBBA1D12A976EAE0054174F /* Tracker.app */,
			);
			name = Products;
			sourceTree = "<group>";
		};
		CCBBA1D32A976EAE0054174F /* Tracker */ = {
			isa = PBXGroup;
			children = (
				CCBA8C3A2AC6F416009C30FB /* CoreData */,
				CC93072B2ABC646000A9170A /* Collections */,
				CC93072A2ABC643900A9170A /* ViewControllers */,
				CC9307292ABC641F00A9170A /* Modals */,
				CCD3C6052AA252DA00B5804C /* Cell */,
				CCBBA1D42A976EAE0054174F /* AppDelegate.swift */,
				CCBBA1D62A976EAE0054174F /* SceneDelegate.swift */,
				CCBBA1EB2A978BAD0054174F /* TabBarController.swift */,
				CCBBA1DD2A976EAF0054174F /* Assets.xcassets */,
				CCBBA1EA2A9783FC0054174F /* Helpers */,
				CCBBA1DF2A976EAF0054174F /* LaunchScreen.storyboard */,
				CCBBA1E22A976EAF0054174F /* Info.plist */,
			);
			path = Tracker;
			sourceTree = "<group>";
		};
		CCBBA1EA2A9783FC0054174F /* Helpers */ = {
			isa = PBXGroup;
			children = (
				CCBBA1E82A9783EA0054174F /* UIColor+Extentions.swift */,
				CCF94E842AD041CC00AFDCE8 /* UIColorValueTransformer.swift */,
				CCF94E862AD0443000AFDCE8 /* ScheduleValueTransformer.swift */,
			);
			path = Helpers;
			sourceTree = "<group>";
		};
		CCD3C6052AA252DA00B5804C /* Cell */ = {
			isa = PBXGroup;
			children = (
				CCB756FA2A9E21FC007DC0FF /* ColorCollectionViewCell.swift */,
				CCBBA1F72A9B71B80054174F /* TrackerCell.swift */,
				CCB756F82A9E2096007DC0FF /* EmojiCollectionViewCell.swift */,
			);
			path = Cell;
			sourceTree = "<group>";
		};
/* End PBXGroup section */

/* Begin PBXNativeTarget section */
		CCBBA1D02A976EAE0054174F /* Tracker */ = {
			isa = PBXNativeTarget;
			buildConfigurationList = CCBBA1E52A976EAF0054174F /* Build configuration list for PBXNativeTarget "Tracker" */;
			buildPhases = (
				CCBBA1CD2A976EAE0054174F /* Sources */,
				CCBBA1CE2A976EAE0054174F /* Frameworks */,
				CCBBA1CF2A976EAE0054174F /* Resources */,
			);
			buildRules = (
			);
			dependencies = (
			);
			name = Tracker;
			productName = Tracker;
			productReference = CCBBA1D12A976EAE0054174F /* Tracker.app */;
			productType = "com.apple.product-type.application";
		};
/* End PBXNativeTarget section */

/* Begin PBXProject section */
		CCBBA1C92A976EAE0054174F /* Project object */ = {
			isa = PBXProject;
			attributes = {
				BuildIndependentTargetsInParallel = 1;
				LastSwiftUpdateCheck = 1420;
				LastUpgradeCheck = 1420;
				TargetAttributes = {
					CCBBA1D02A976EAE0054174F = {
						CreatedOnToolsVersion = 14.2;
					};
				};
			};
			buildConfigurationList = CCBBA1CC2A976EAE0054174F /* Build configuration list for PBXProject "Tracker" */;
			compatibilityVersion = "Xcode 14.0";
			developmentRegion = en;
			hasScannedForEncodings = 0;
			knownRegions = (
				en,
				Base,
			);
			mainGroup = CCBBA1C82A976EAE0054174F;
			productRefGroup = CCBBA1D22A976EAE0054174F /* Products */;
			projectDirPath = "";
			projectRoot = "";
			targets = (
				CCBBA1D02A976EAE0054174F /* Tracker */,
			);
		};
/* End PBXProject section */

/* Begin PBXResourcesBuildPhase section */
		CCBBA1CF2A976EAE0054174F /* Resources */ = {
			isa = PBXResourcesBuildPhase;
			buildActionMask = 2147483647;
			files = (
				CCBBA1E12A976EAF0054174F /* LaunchScreen.storyboard in Resources */,
				CCBBA1DE2A976EAF0054174F /* Assets.xcassets in Resources */,
			);
			runOnlyForDeploymentPostprocessing = 0;
		};
/* End PBXResourcesBuildPhase section */

/* Begin PBXSourcesBuildPhase section */
		CCBBA1CD2A976EAE0054174F /* Sources */ = {
			isa = PBXSourcesBuildPhase;
			buildActionMask = 2147483647;
			files = (
				CCD7BB322ADC57930074343F /* OnboardingPageModel.swift in Sources */,
				CCB756F92A9E2096007DC0FF /* EmojiCollectionViewCell.swift in Sources */,
				CCBA8C402AC6F44E009C30FB /* TrackerRecordStore.swift in Sources */,
				CCBBA1F82A9B71B80054174F /* TrackerCell.swift in Sources */,
				CCBBA1E92A9783EA0054174F /* UIColor+Extentions.swift in Sources */,
				CCBBA1F22A9914C10054174F /* TrackerModals.swift in Sources */,
				CCB756F72A9E02DE007DC0FF /* EmojiCollectionView.swift in Sources */,
				CCD7BB2E2ADC56640074343F /* OnboardingPageViewController.swift in Sources */,
				CCBBA1D52A976EAE0054174F /* AppDelegate.swift in Sources */,
				CCBBA1F42A9923540054174F /* TrackerCreationViewController.swift in Sources */,
				CCBBA1EC2A978BAD0054174F /* TabBarController.swift in Sources */,
				CCB756FB2A9E21FC007DC0FF /* ColorCollectionViewCell.swift in Sources */,
				CCBBA1D72A976EAE0054174F /* SceneDelegate.swift in Sources */,
				CCD3C6032AA2524E00B5804C /* CategoryViewController.swift in Sources */,
				CCF94E872AD0443000AFDCE8 /* ScheduleValueTransformer.swift in Sources */,
				CCBA8C382AC6E6BA009C30FB /* Model.xcdatamodeld in Sources */,
				CCBBA1EE2A978BF50054174F /* TrackersViewController.swift in Sources */,
				CCB756F52A9E02C0007DC0FF /* ColorCollectionView.swift in Sources */,
				CCBA8C3E2AC6F441009C30FB /* TrackerCategoryStore.swift in Sources */,
				CCBBA1F62A9923800054174F /* ScheduleSettingViewController.swift in Sources */,
				CCD7BB302ADC56DD0074343F /* OnboardingViewController.swift in Sources */,
				CCBBA1F02A979E700054174F /* SelectionViewController.swift in Sources */,
				CCF94E832AD03B8200AFDCE8 /* CoreDataManager.swift in Sources */,
				CCF94E852AD041CC00AFDCE8 /* UIColorValueTransformer.swift in Sources */,
				CCBA8C3C2AC6F433009C30FB /* TrackerStore.swift in Sources */,
			);
			runOnlyForDeploymentPostprocessing = 0;
		};
/* End PBXSourcesBuildPhase section */

/* Begin PBXVariantGroup section */
		CCBBA1DF2A976EAF0054174F /* LaunchScreen.storyboard */ = {
			isa = PBXVariantGroup;
			children = (
				CCBBA1E02A976EAF0054174F /* Base */,
			);
			name = LaunchScreen.storyboard;
			sourceTree = "<group>";
		};
/* End PBXVariantGroup section */

/* Begin XCBuildConfiguration section */
		CCBBA1E32A976EAF0054174F /* Debug */ = {
			isa = XCBuildConfiguration;
			buildSettings = {
				ALWAYS_SEARCH_USER_PATHS = NO;
				CLANG_ANALYZER_NONNULL = YES;
				CLANG_ANALYZER_NUMBER_OBJECT_CONVERSION = YES_AGGRESSIVE;
				CLANG_CXX_LANGUAGE_STANDARD = "gnu++20";
				CLANG_ENABLE_MODULES = YES;
				CLANG_ENABLE_OBJC_ARC = YES;
				CLANG_ENABLE_OBJC_WEAK = YES;
				CLANG_WARN_BLOCK_CAPTURE_AUTORELEASING = YES;
				CLANG_WARN_BOOL_CONVERSION = YES;
				CLANG_WARN_COMMA = YES;
				CLANG_WARN_CONSTANT_CONVERSION = YES;
				CLANG_WARN_DEPRECATED_OBJC_IMPLEMENTATIONS = YES;
				CLANG_WARN_DIRECT_OBJC_ISA_USAGE = YES_ERROR;
				CLANG_WARN_DOCUMENTATION_COMMENTS = YES;
				CLANG_WARN_EMPTY_BODY = YES;
				CLANG_WARN_ENUM_CONVERSION = YES;
				CLANG_WARN_INFINITE_RECURSION = YES;
				CLANG_WARN_INT_CONVERSION = YES;
				CLANG_WARN_NON_LITERAL_NULL_CONVERSION = YES;
				CLANG_WARN_OBJC_IMPLICIT_RETAIN_SELF = YES;
				CLANG_WARN_OBJC_LITERAL_CONVERSION = YES;
				CLANG_WARN_OBJC_ROOT_CLASS = YES_ERROR;
				CLANG_WARN_QUOTED_INCLUDE_IN_FRAMEWORK_HEADER = YES;
				CLANG_WARN_RANGE_LOOP_ANALYSIS = YES;
				CLANG_WARN_STRICT_PROTOTYPES = YES;
				CLANG_WARN_SUSPICIOUS_MOVE = YES;
				CLANG_WARN_UNGUARDED_AVAILABILITY = YES_AGGRESSIVE;
				CLANG_WARN_UNREACHABLE_CODE = YES;
				CLANG_WARN__DUPLICATE_METHOD_MATCH = YES;
				COPY_PHASE_STRIP = NO;
				DEBUG_INFORMATION_FORMAT = dwarf;
				ENABLE_STRICT_OBJC_MSGSEND = YES;
				ENABLE_TESTABILITY = YES;
				GCC_C_LANGUAGE_STANDARD = gnu11;
				GCC_DYNAMIC_NO_PIC = NO;
				GCC_NO_COMMON_BLOCKS = YES;
				GCC_OPTIMIZATION_LEVEL = 0;
				GCC_PREPROCESSOR_DEFINITIONS = (
					"DEBUG=1",
					"$(inherited)",
				);
				GCC_WARN_64_TO_32_BIT_CONVERSION = YES;
				GCC_WARN_ABOUT_RETURN_TYPE = YES_ERROR;
				GCC_WARN_UNDECLARED_SELECTOR = YES;
				GCC_WARN_UNINITIALIZED_AUTOS = YES_AGGRESSIVE;
				GCC_WARN_UNUSED_FUNCTION = YES;
				GCC_WARN_UNUSED_VARIABLE = YES;
				IPHONEOS_DEPLOYMENT_TARGET = 16.2;
				MTL_ENABLE_DEBUG_INFO = INCLUDE_SOURCE;
				MTL_FAST_MATH = YES;
				ONLY_ACTIVE_ARCH = YES;
				SDKROOT = iphoneos;
				SWIFT_ACTIVE_COMPILATION_CONDITIONS = DEBUG;
				SWIFT_OPTIMIZATION_LEVEL = "-Onone";
			};
			name = Debug;
		};
		CCBBA1E42A976EAF0054174F /* Release */ = {
			isa = XCBuildConfiguration;
			buildSettings = {
				ALWAYS_SEARCH_USER_PATHS = NO;
				CLANG_ANALYZER_NONNULL = YES;
				CLANG_ANALYZER_NUMBER_OBJECT_CONVERSION = YES_AGGRESSIVE;
				CLANG_CXX_LANGUAGE_STANDARD = "gnu++20";
				CLANG_ENABLE_MODULES = YES;
				CLANG_ENABLE_OBJC_ARC = YES;
				CLANG_ENABLE_OBJC_WEAK = YES;
				CLANG_WARN_BLOCK_CAPTURE_AUTORELEASING = YES;
				CLANG_WARN_BOOL_CONVERSION = YES;
				CLANG_WARN_COMMA = YES;
				CLANG_WARN_CONSTANT_CONVERSION = YES;
				CLANG_WARN_DEPRECATED_OBJC_IMPLEMENTATIONS = YES;
				CLANG_WARN_DIRECT_OBJC_ISA_USAGE = YES_ERROR;
				CLANG_WARN_DOCUMENTATION_COMMENTS = YES;
				CLANG_WARN_EMPTY_BODY = YES;
				CLANG_WARN_ENUM_CONVERSION = YES;
				CLANG_WARN_INFINITE_RECURSION = YES;
				CLANG_WARN_INT_CONVERSION = YES;
				CLANG_WARN_NON_LITERAL_NULL_CONVERSION = YES;
				CLANG_WARN_OBJC_IMPLICIT_RETAIN_SELF = YES;
				CLANG_WARN_OBJC_LITERAL_CONVERSION = YES;
				CLANG_WARN_OBJC_ROOT_CLASS = YES_ERROR;
				CLANG_WARN_QUOTED_INCLUDE_IN_FRAMEWORK_HEADER = YES;
				CLANG_WARN_RANGE_LOOP_ANALYSIS = YES;
				CLANG_WARN_STRICT_PROTOTYPES = YES;
				CLANG_WARN_SUSPICIOUS_MOVE = YES;
				CLANG_WARN_UNGUARDED_AVAILABILITY = YES_AGGRESSIVE;
				CLANG_WARN_UNREACHABLE_CODE = YES;
				CLANG_WARN__DUPLICATE_METHOD_MATCH = YES;
				COPY_PHASE_STRIP = NO;
				DEBUG_INFORMATION_FORMAT = "dwarf-with-dsym";
				ENABLE_NS_ASSERTIONS = NO;
				ENABLE_STRICT_OBJC_MSGSEND = YES;
				GCC_C_LANGUAGE_STANDARD = gnu11;
				GCC_NO_COMMON_BLOCKS = YES;
				GCC_WARN_64_TO_32_BIT_CONVERSION = YES;
				GCC_WARN_ABOUT_RETURN_TYPE = YES_ERROR;
				GCC_WARN_UNDECLARED_SELECTOR = YES;
				GCC_WARN_UNINITIALIZED_AUTOS = YES_AGGRESSIVE;
				GCC_WARN_UNUSED_FUNCTION = YES;
				GCC_WARN_UNUSED_VARIABLE = YES;
				IPHONEOS_DEPLOYMENT_TARGET = 16.2;
				MTL_ENABLE_DEBUG_INFO = NO;
				MTL_FAST_MATH = YES;
				SDKROOT = iphoneos;
				SWIFT_COMPILATION_MODE = wholemodule;
				SWIFT_OPTIMIZATION_LEVEL = "-O";
				VALIDATE_PRODUCT = YES;
			};
			name = Release;
		};
		CCBBA1E62A976EAF0054174F /* Debug */ = {
			isa = XCBuildConfiguration;
			buildSettings = {
				ASSETCATALOG_COMPILER_APPICON_NAME = AppIcon;
				ASSETCATALOG_COMPILER_GLOBAL_ACCENT_COLOR_NAME = AccentColor;
				CODE_SIGN_STYLE = Automatic;
				CURRENT_PROJECT_VERSION = 1;
				DEVELOPMENT_TEAM = M64V58BG55;
				GENERATE_INFOPLIST_FILE = YES;
				INFOPLIST_FILE = Tracker/Info.plist;
				INFOPLIST_KEY_UIApplicationSupportsIndirectInputEvents = YES;
				INFOPLIST_KEY_UILaunchStoryboardName = LaunchScreen;
				INFOPLIST_KEY_UISupportedInterfaceOrientations_iPad = "UIInterfaceOrientationPortrait UIInterfaceOrientationPortraitUpsideDown UIInterfaceOrientationLandscapeLeft UIInterfaceOrientationLandscapeRight";
				INFOPLIST_KEY_UISupportedInterfaceOrientations_iPhone = "UIInterfaceOrientationPortrait UIInterfaceOrientationLandscapeLeft UIInterfaceOrientationLandscapeRight";
				IPHONEOS_DEPLOYMENT_TARGET = 13.4;
				LD_RUNPATH_SEARCH_PATHS = (
					"$(inherited)",
					"@executable_path/Frameworks",
				);
				MARKETING_VERSION = 1.0;
				PRODUCT_BUNDLE_IDENTIFIER = ru.yauggggmygkjhgjh.Tracker;
				PRODUCT_NAME = "$(TARGET_NAME)";
				SUPPORTED_PLATFORMS = "iphoneos iphonesimulator";
				SUPPORTS_MACCATALYST = NO;
				SUPPORTS_MAC_DESIGNED_FOR_IPHONE_IPAD = NO;
				SWIFT_EMIT_LOC_STRINGS = YES;
				SWIFT_VERSION = 5.0;
				TARGETED_DEVICE_FAMILY = "1,2";
			};
			name = Debug;
		};
		CCBBA1E72A976EAF0054174F /* Release */ = {
			isa = XCBuildConfiguration;
			buildSettings = {
				ASSETCATALOG_COMPILER_APPICON_NAME = AppIcon;
				ASSETCATALOG_COMPILER_GLOBAL_ACCENT_COLOR_NAME = AccentColor;
				CODE_SIGN_STYLE = Automatic;
				CURRENT_PROJECT_VERSION = 1;
				DEVELOPMENT_TEAM = M64V58BG55;
				GENERATE_INFOPLIST_FILE = YES;
				INFOPLIST_FILE = Tracker/Info.plist;
				INFOPLIST_KEY_UIApplicationSupportsIndirectInputEvents = YES;
				INFOPLIST_KEY_UILaunchStoryboardName = LaunchScreen;
				INFOPLIST_KEY_UISupportedInterfaceOrientations_iPad = "UIInterfaceOrientationPortrait UIInterfaceOrientationPortraitUpsideDown UIInterfaceOrientationLandscapeLeft UIInterfaceOrientationLandscapeRight";
				INFOPLIST_KEY_UISupportedInterfaceOrientations_iPhone = "UIInterfaceOrientationPortrait UIInterfaceOrientationLandscapeLeft UIInterfaceOrientationLandscapeRight";
				IPHONEOS_DEPLOYMENT_TARGET = 13.4;
				LD_RUNPATH_SEARCH_PATHS = (
					"$(inherited)",
					"@executable_path/Frameworks",
				);
				MARKETING_VERSION = 1.0;
				PRODUCT_BUNDLE_IDENTIFIER = ru.yauggggmygkjhgjh.Tracker;
				PRODUCT_NAME = "$(TARGET_NAME)";
				SUPPORTED_PLATFORMS = "iphoneos iphonesimulator";
				SUPPORTS_MACCATALYST = NO;
				SUPPORTS_MAC_DESIGNED_FOR_IPHONE_IPAD = NO;
				SWIFT_EMIT_LOC_STRINGS = YES;
				SWIFT_VERSION = 5.0;
				TARGETED_DEVICE_FAMILY = "1,2";
			};
			name = Release;
		};
/* End XCBuildConfiguration section */

/* Begin XCConfigurationList section */
		CCBBA1CC2A976EAE0054174F /* Build configuration list for PBXProject "Tracker" */ = {
			isa = XCConfigurationList;
			buildConfigurations = (
				CCBBA1E32A976EAF0054174F /* Debug */,
				CCBBA1E42A976EAF0054174F /* Release */,
			);
			defaultConfigurationIsVisible = 0;
			defaultConfigurationName = Release;
		};
		CCBBA1E52A976EAF0054174F /* Build configuration list for PBXNativeTarget "Tracker" */ = {
			isa = XCConfigurationList;
			buildConfigurations = (
				CCBBA1E62A976EAF0054174F /* Debug */,
				CCBBA1E72A976EAF0054174F /* Release */,
			);
			defaultConfigurationIsVisible = 0;
			defaultConfigurationName = Release;
		};
/* End XCConfigurationList section */

/* Begin XCVersionGroup section */
		CCBA8C362AC6E6BA009C30FB /* Model.xcdatamodeld */ = {
			isa = XCVersionGroup;
			children = (
				CCBA8C372AC6E6BA009C30FB /* Model.xcdatamodel */,
			);
			currentVersion = CCBA8C372AC6E6BA009C30FB /* Model.xcdatamodel */;
			path = Model.xcdatamodeld;
			sourceTree = "<group>";
			versionGroupType = wrapper.xcdatamodel;
		};
/* End XCVersionGroup section */
	};
	rootObject = CCBBA1C92A976EAE0054174F /* Project object */;
}
