// !$*UTF8*$!
{
	archiveVersion = 1;
	classes = {
	};
	objectVersion = 56;
	objects = {

/* Begin PBXBuildFile section */
		114120E6494E3BD76C0E90C7 /* Pods_Tracker.framework in Frameworks */ = {isa = PBXBuildFile; fileRef = 42163219ADFF2873F9CA70BA /* Pods_Tracker.framework */; };
		3AC467C93EE1136703F5AAC0 /* Pods_TrackerTests.framework in Frameworks */ = {isa = PBXBuildFile; fileRef = EF8E6EADAB2C6C47D1EC3A97 /* Pods_TrackerTests.framework */; };
		CC0C69C22B11FE7A009B99C0 /* TrackerTests.swift in Sources */ = {isa = PBXBuildFile; fileRef = CC0C69C12B11FE7A009B99C0 /* TrackerTests.swift */; };
		CC0C69CA2B11FEF8009B99C0 /* InlineSnapshotTesting in Frameworks */ = {isa = PBXBuildFile; productRef = CC0C69C92B11FEF8009B99C0 /* InlineSnapshotTesting */; };
		CC0C69CC2B11FEF8009B99C0 /* SnapshotTesting in Frameworks */ = {isa = PBXBuildFile; productRef = CC0C69CB2B11FEF8009B99C0 /* SnapshotTesting */; };
		CC2DD6702B1231DA00D80773 /* Analitycs.swift in Sources */ = {isa = PBXBuildFile; fileRef = CC2DD66F2B1231DA00D80773 /* Analitycs.swift */; };
		CC64D5962B12699A006AE66C /* StatisticsViewController.swift in Sources */ = {isa = PBXBuildFile; fileRef = CC64D5952B12699A006AE66C /* StatisticsViewController.swift */; };
		CC64D5982B132A99006AE66C /* StatisticsViewModel.swift in Sources */ = {isa = PBXBuildFile; fileRef = CC64D5972B132A99006AE66C /* StatisticsViewModel.swift */; };
		CC64D59A2B1331EA006AE66C /* StatisticTableViewCell.swift in Sources */ = {isa = PBXBuildFile; fileRef = CC64D5992B1331EA006AE66C /* StatisticTableViewCell.swift */; };
		CC64D59C2B13C6DD006AE66C /* FilterViewController.swift in Sources */ = {isa = PBXBuildFile; fileRef = CC64D59B2B13C6DD006AE66C /* FilterViewController.swift */; };
		CC98C02E2B0F7D8F00916959 /* Localizable.strings in Resources */ = {isa = PBXBuildFile; fileRef = CC98C0302B0F7D8F00916959 /* Localizable.strings */; };
		CCB756F52A9E02C0007DC0FF /* ColorCollectionView.swift in Sources */ = {isa = PBXBuildFile; fileRef = CCB756F42A9E02C0007DC0FF /* ColorCollectionView.swift */; };
		CCB756F72A9E02DE007DC0FF /* EmojiCollectionView.swift in Sources */ = {isa = PBXBuildFile; fileRef = CCB756F62A9E02DE007DC0FF /* EmojiCollectionView.swift */; };
		CCB756F92A9E2096007DC0FF /* EmojiCollectionViewCell.swift in Sources */ = {isa = PBXBuildFile; fileRef = CCB756F82A9E2096007DC0FF /* EmojiCollectionViewCell.swift */; };
		CCB756FB2A9E21FC007DC0FF /* ColorCollectionViewCell.swift in Sources */ = {isa = PBXBuildFile; fileRef = CCB756FA2A9E21FC007DC0FF /* ColorCollectionViewCell.swift */; };
		CCBA8C382AC6E6BA009C30FB /* Model.xcdatamodeld in Sources */ = {isa = PBXBuildFile; fileRef = CCBA8C362AC6E6BA009C30FB /* Model.xcdatamodeld */; };
		CCBA8C3C2AC6F433009C30FB /* TrackerStore.swift in Sources */ = {isa = PBXBuildFile; fileRef = CCBA8C3B2AC6F433009C30FB /* TrackerStore.swift */; };
		CCBA8C3E2AC6F441009C30FB /* TrackerCategoryStore.swift in Sources */ = {isa = PBXBuildFile; fileRef = CCBA8C3D2AC6F441009C30FB /* TrackerCategoryStore.swift */; };
		CCBA8C402AC6F44E009C30FB /* TrackerRecordStore.swift in Sources */ = {isa = PBXBuildFile; fileRef = CCBA8C3F2AC6F44E009C30FB /* TrackerRecordStore.swift */; };
		CCBBA1D52A976EAE0054174F /* AppDelegate.swift in Sources */ = {isa = PBXBuildFile; fileRef = CCBBA1D42A976EAE0054174F /* AppDelegate.swift */; };
		CCBBA1D72A976EAE0054174F /* SceneDelegate.swift in Sources */ = {isa = PBXBuildFile; fileRef = CCBBA1D62A976EAE0054174F /* SceneDelegate.swift */; };
		CCBBA1DE2A976EAF0054174F /* Assets.xcassets in Resources */ = {isa = PBXBuildFile; fileRef = CCBBA1DD2A976EAF0054174F /* Assets.xcassets */; };
		CCBBA1E12A976EAF0054174F /* LaunchScreen.storyboard in Resources */ = {isa = PBXBuildFile; fileRef = CCBBA1DF2A976EAF0054174F /* LaunchScreen.storyboard */; };
		CCBBA1E92A9783EA0054174F /* UIColor+Extentions.swift in Sources */ = {isa = PBXBuildFile; fileRef = CCBBA1E82A9783EA0054174F /* UIColor+Extentions.swift */; };
		CCBBA1EC2A978BAD0054174F /* TabBarController.swift in Sources */ = {isa = PBXBuildFile; fileRef = CCBBA1EB2A978BAD0054174F /* TabBarController.swift */; };
		CCBBA1EE2A978BF50054174F /* TrackersViewController.swift in Sources */ = {isa = PBXBuildFile; fileRef = CCBBA1ED2A978BF50054174F /* TrackersViewController.swift */; };
		CCBBA1F02A979E700054174F /* SelectionViewController.swift in Sources */ = {isa = PBXBuildFile; fileRef = CCBBA1EF2A979E700054174F /* SelectionViewController.swift */; };
		CCBBA1F22A9914C10054174F /* TrackerModals.swift in Sources */ = {isa = PBXBuildFile; fileRef = CCBBA1F12A9914C10054174F /* TrackerModals.swift */; };
		CCBBA1F42A9923540054174F /* TrackerCreationViewController.swift in Sources */ = {isa = PBXBuildFile; fileRef = CCBBA1F32A9923540054174F /* TrackerCreationViewController.swift */; };
		CCBBA1F62A9923800054174F /* ScheduleSettingViewController.swift in Sources */ = {isa = PBXBuildFile; fileRef = CCBBA1F52A9923800054174F /* ScheduleSettingViewController.swift */; };
		CCBBA1F82A9B71B80054174F /* TrackerCell.swift in Sources */ = {isa = PBXBuildFile; fileRef = CCBBA1F72A9B71B80054174F /* TrackerCell.swift */; };
		CCD3C6032AA2524E00B5804C /* CategoryViewController.swift in Sources */ = {isa = PBXBuildFile; fileRef = CCD3C6022AA2524E00B5804C /* CategoryViewController.swift */; };
		CCD7BB2E2ADC56640074343F /* OnboardingPageViewController.swift in Sources */ = {isa = PBXBuildFile; fileRef = CCD7BB2D2ADC56640074343F /* OnboardingPageViewController.swift */; };
		CCD7BB302ADC56DD0074343F /* OnboardingViewController.swift in Sources */ = {isa = PBXBuildFile; fileRef = CCD7BB2F2ADC56DD0074343F /* OnboardingViewController.swift */; };
		CCD7BB322ADC57930074343F /* OnboardingPageModel.swift in Sources */ = {isa = PBXBuildFile; fileRef = CCD7BB312ADC57930074343F /* OnboardingPageModel.swift */; };
		CCD7BB342AE688910074343F /* CategoriesModel.swift in Sources */ = {isa = PBXBuildFile; fileRef = CCD7BB332AE688910074343F /* CategoriesModel.swift */; };
		CCD7BB382AE68ABD0074343F /* NewCategoryViewController.swift in Sources */ = {isa = PBXBuildFile; fileRef = CCD7BB372AE68ABD0074343F /* NewCategoryViewController.swift */; };
		CCEBD3032AF1595A0008D5EB /* CategoryHeader.swift in Sources */ = {isa = PBXBuildFile; fileRef = CCEBD3022AF1595A0008D5EB /* CategoryHeader.swift */; };
		CCF94E832AD03B8200AFDCE8 /* CoreDataManager.swift in Sources */ = {isa = PBXBuildFile; fileRef = CCF94E822AD03B8200AFDCE8 /* CoreDataManager.swift */; };
		CCF94E852AD041CC00AFDCE8 /* UIColorValueTransformer.swift in Sources */ = {isa = PBXBuildFile; fileRef = CCF94E842AD041CC00AFDCE8 /* UIColorValueTransformer.swift */; };
		CCF94E872AD0443000AFDCE8 /* ScheduleValueTransformer.swift in Sources */ = {isa = PBXBuildFile; fileRef = CCF94E862AD0443000AFDCE8 /* ScheduleValueTransformer.swift */; };
/* End PBXBuildFile section */

/* Begin PBXContainerItemProxy section */
		CC0C69C32B11FE7A009B99C0 /* PBXContainerItemProxy */ = {
			isa = PBXContainerItemProxy;
			containerPortal = CCBBA1C92A976EAE0054174F /* Project object */;
			proxyType = 1;
			remoteGlobalIDString = CCBBA1D02A976EAE0054174F;
			remoteInfo = Tracker;
		};
/* End PBXContainerItemProxy section */

/* Begin PBXFileReference section */
		42163219ADFF2873F9CA70BA /* Pods_Tracker.framework */ = {isa = PBXFileReference; explicitFileType = wrapper.framework; includeInIndex = 0; path = Pods_Tracker.framework; sourceTree = BUILT_PRODUCTS_DIR; };
		7A4E9C6A7108297266E8CCE3 /* Pods-Tracker.release.xcconfig */ = {isa = PBXFileReference; includeInIndex = 1; lastKnownFileType = text.xcconfig; name = "Pods-Tracker.release.xcconfig"; path = "Target Support Files/Pods-Tracker/Pods-Tracker.release.xcconfig"; sourceTree = "<group>"; };
		C6AAC0F6EB902BF25CCE2EB8 /* Pods-TrackerTests.debug.xcconfig */ = {isa = PBXFileReference; includeInIndex = 1; lastKnownFileType = text.xcconfig; name = "Pods-TrackerTests.debug.xcconfig"; path = "Target Support Files/Pods-TrackerTests/Pods-TrackerTests.debug.xcconfig"; sourceTree = "<group>"; };
		C8422F4DE64C8C53A6766376 /* Pods-Tracker.debug.xcconfig */ = {isa = PBXFileReference; includeInIndex = 1; lastKnownFileType = text.xcconfig; name = "Pods-Tracker.debug.xcconfig"; path = "Target Support Files/Pods-Tracker/Pods-Tracker.debug.xcconfig"; sourceTree = "<group>"; };
		CC0C69BF2B11FE7A009B99C0 /* TrackerTests.xctest */ = {isa = PBXFileReference; explicitFileType = wrapper.cfbundle; includeInIndex = 0; path = TrackerTests.xctest; sourceTree = BUILT_PRODUCTS_DIR; };
		CC0C69C12B11FE7A009B99C0 /* TrackerTests.swift */ = {isa = PBXFileReference; lastKnownFileType = sourcecode.swift; path = TrackerTests.swift; sourceTree = "<group>"; };
		CC2DD66F2B1231DA00D80773 /* Analitycs.swift */ = {isa = PBXFileReference; lastKnownFileType = sourcecode.swift; path = Analitycs.swift; sourceTree = "<group>"; };
		CC64D5952B12699A006AE66C /* StatisticsViewController.swift */ = {isa = PBXFileReference; lastKnownFileType = sourcecode.swift; path = StatisticsViewController.swift; sourceTree = "<group>"; };
		CC64D5972B132A99006AE66C /* StatisticsViewModel.swift */ = {isa = PBXFileReference; lastKnownFileType = sourcecode.swift; path = StatisticsViewModel.swift; sourceTree = "<group>"; };
		CC64D5992B1331EA006AE66C /* StatisticTableViewCell.swift */ = {isa = PBXFileReference; lastKnownFileType = sourcecode.swift; path = StatisticTableViewCell.swift; sourceTree = "<group>"; };
		CC64D59B2B13C6DD006AE66C /* FilterViewController.swift */ = {isa = PBXFileReference; lastKnownFileType = sourcecode.swift; path = FilterViewController.swift; sourceTree = "<group>"; };
		CC98C02B2B0F7D6300916959 /* ru */ = {isa = PBXFileReference; lastKnownFileType = text.plist.strings; name = ru; path = ru.lproj/LaunchScreen.strings; sourceTree = "<group>"; };
		CC98C02F2B0F7D8F00916959 /* ru */ = {isa = PBXFileReference; lastKnownFileType = text.plist.strings; name = ru; path = ru.lproj/Localizable.strings; sourceTree = "<group>"; };
		CC98C0312B0F7D9300916959 /* en */ = {isa = PBXFileReference; lastKnownFileType = text.plist.strings; name = en; path = en.lproj/Localizable.strings; sourceTree = "<group>"; };
		CCB756F42A9E02C0007DC0FF /* ColorCollectionView.swift */ = {isa = PBXFileReference; lastKnownFileType = sourcecode.swift; path = ColorCollectionView.swift; sourceTree = "<group>"; };
		CCB756F62A9E02DE007DC0FF /* EmojiCollectionView.swift */ = {isa = PBXFileReference; lastKnownFileType = sourcecode.swift; path = EmojiCollectionView.swift; sourceTree = "<group>"; };
		CCB756F82A9E2096007DC0FF /* EmojiCollectionViewCell.swift */ = {isa = PBXFileReference; lastKnownFileType = sourcecode.swift; path = EmojiCollectionViewCell.swift; sourceTree = "<group>"; };
		CCB756FA2A9E21FC007DC0FF /* ColorCollectionViewCell.swift */ = {isa = PBXFileReference; lastKnownFileType = sourcecode.swift; path = ColorCollectionViewCell.swift; sourceTree = "<group>"; };
		CCBA8C372AC6E6BA009C30FB /* Model.xcdatamodel */ = {isa = PBXFileReference; lastKnownFileType = wrapper.xcdatamodel; path = Model.xcdatamodel; sourceTree = "<group>"; };
		CCBA8C3B2AC6F433009C30FB /* TrackerStore.swift */ = {isa = PBXFileReference; lastKnownFileType = sourcecode.swift; path = TrackerStore.swift; sourceTree = "<group>"; };
		CCBA8C3D2AC6F441009C30FB /* TrackerCategoryStore.swift */ = {isa = PBXFileReference; lastKnownFileType = sourcecode.swift; path = TrackerCategoryStore.swift; sourceTree = "<group>"; };
		CCBA8C3F2AC6F44E009C30FB /* TrackerRecordStore.swift */ = {isa = PBXFileReference; lastKnownFileType = sourcecode.swift; path = TrackerRecordStore.swift; sourceTree = "<group>"; };
		CCBBA1D12A976EAE0054174F /* Tracker.app */ = {isa = PBXFileReference; explicitFileType = wrapper.application; includeInIndex = 0; path = Tracker.app; sourceTree = BUILT_PRODUCTS_DIR; };
		CCBBA1D42A976EAE0054174F /* AppDelegate.swift */ = {isa = PBXFileReference; lastKnownFileType = sourcecode.swift; path = AppDelegate.swift; sourceTree = "<group>"; };
		CCBBA1D62A976EAE0054174F /* SceneDelegate.swift */ = {isa = PBXFileReference; lastKnownFileType = sourcecode.swift; path = SceneDelegate.swift; sourceTree = "<group>"; };
		CCBBA1DD2A976EAF0054174F /* Assets.xcassets */ = {isa = PBXFileReference; lastKnownFileType = folder.assetcatalog; path = Assets.xcassets; sourceTree = "<group>"; };
		CCBBA1E02A976EAF0054174F /* Base */ = {isa = PBXFileReference; lastKnownFileType = file.storyboard; name = Base; path = Base.lproj/LaunchScreen.storyboard; sourceTree = "<group>"; };
		CCBBA1E22A976EAF0054174F /* Info.plist */ = {isa = PBXFileReference; lastKnownFileType = text.plist.xml; path = Info.plist; sourceTree = "<group>"; };
		CCBBA1E82A9783EA0054174F /* UIColor+Extentions.swift */ = {isa = PBXFileReference; lastKnownFileType = sourcecode.swift; path = "UIColor+Extentions.swift"; sourceTree = "<group>"; };
		CCBBA1EB2A978BAD0054174F /* TabBarController.swift */ = {isa = PBXFileReference; lastKnownFileType = sourcecode.swift; path = TabBarController.swift; sourceTree = "<group>"; };
		CCBBA1ED2A978BF50054174F /* TrackersViewController.swift */ = {isa = PBXFileReference; lastKnownFileType = sourcecode.swift; path = TrackersViewController.swift; sourceTree = "<group>"; };
		CCBBA1EF2A979E700054174F /* SelectionViewController.swift */ = {isa = PBXFileReference; lastKnownFileType = sourcecode.swift; path = SelectionViewController.swift; sourceTree = "<group>"; };
		CCBBA1F12A9914C10054174F /* TrackerModals.swift */ = {isa = PBXFileReference; lastKnownFileType = sourcecode.swift; path = TrackerModals.swift; sourceTree = "<group>"; };
		CCBBA1F32A9923540054174F /* TrackerCreationViewController.swift */ = {isa = PBXFileReference; lastKnownFileType = sourcecode.swift; path = TrackerCreationViewController.swift; sourceTree = "<group>"; };
		CCBBA1F52A9923800054174F /* ScheduleSettingViewController.swift */ = {isa = PBXFileReference; lastKnownFileType = sourcecode.swift; path = ScheduleSettingViewController.swift; sourceTree = "<group>"; };
		CCBBA1F72A9B71B80054174F /* TrackerCell.swift */ = {isa = PBXFileReference; lastKnownFileType = sourcecode.swift; path = TrackerCell.swift; sourceTree = "<group>"; };
		CCD3C6022AA2524E00B5804C /* CategoryViewController.swift */ = {isa = PBXFileReference; lastKnownFileType = sourcecode.swift; path = CategoryViewController.swift; sourceTree = "<group>"; };
		CCD7BB2D2ADC56640074343F /* OnboardingPageViewController.swift */ = {isa = PBXFileReference; lastKnownFileType = sourcecode.swift; path = OnboardingPageViewController.swift; sourceTree = "<group>"; };
		CCD7BB2F2ADC56DD0074343F /* OnboardingViewController.swift */ = {isa = PBXFileReference; lastKnownFileType = sourcecode.swift; path = OnboardingViewController.swift; sourceTree = "<group>"; };
		CCD7BB312ADC57930074343F /* OnboardingPageModel.swift */ = {isa = PBXFileReference; lastKnownFileType = sourcecode.swift; path = OnboardingPageModel.swift; sourceTree = "<group>"; };
		CCD7BB332AE688910074343F /* CategoriesModel.swift */ = {isa = PBXFileReference; lastKnownFileType = sourcecode.swift; path = CategoriesModel.swift; sourceTree = "<group>"; };
		CCD7BB372AE68ABD0074343F /* NewCategoryViewController.swift */ = {isa = PBXFileReference; lastKnownFileType = sourcecode.swift; path = NewCategoryViewController.swift; sourceTree = "<group>"; };
		CCEBD3022AF1595A0008D5EB /* CategoryHeader.swift */ = {isa = PBXFileReference; lastKnownFileType = sourcecode.swift; path = CategoryHeader.swift; sourceTree = "<group>"; };
		CCF94E822AD03B8200AFDCE8 /* CoreDataManager.swift */ = {isa = PBXFileReference; lastKnownFileType = sourcecode.swift; path = CoreDataManager.swift; sourceTree = "<group>"; };
		CCF94E842AD041CC00AFDCE8 /* UIColorValueTransformer.swift */ = {isa = PBXFileReference; lastKnownFileType = sourcecode.swift; path = UIColorValueTransformer.swift; sourceTree = "<group>"; };
		CCF94E862AD0443000AFDCE8 /* ScheduleValueTransformer.swift */ = {isa = PBXFileReference; lastKnownFileType = sourcecode.swift; path = ScheduleValueTransformer.swift; sourceTree = "<group>"; };
		E7EBA5622BEC1B404F3668DF /* Pods-TrackerTests.release.xcconfig */ = {isa = PBXFileReference; includeInIndex = 1; lastKnownFileType = text.xcconfig; name = "Pods-TrackerTests.release.xcconfig"; path = "Target Support Files/Pods-TrackerTests/Pods-TrackerTests.release.xcconfig"; sourceTree = "<group>"; };
		EF8E6EADAB2C6C47D1EC3A97 /* Pods_TrackerTests.framework */ = {isa = PBXFileReference; explicitFileType = wrapper.framework; includeInIndex = 0; path = Pods_TrackerTests.framework; sourceTree = BUILT_PRODUCTS_DIR; };
/* End PBXFileReference section */

/* Begin PBXFrameworksBuildPhase section */
		CC0C69BC2B11FE7A009B99C0 /* Frameworks */ = {
			isa = PBXFrameworksBuildPhase;
			buildActionMask = 2147483647;
			files = (
				CC0C69CA2B11FEF8009B99C0 /* InlineSnapshotTesting in Frameworks */,
				CC0C69CC2B11FEF8009B99C0 /* SnapshotTesting in Frameworks */,
				3AC467C93EE1136703F5AAC0 /* Pods_TrackerTests.framework in Frameworks */,
			);
			runOnlyForDeploymentPostprocessing = 0;
		};
		CCBBA1CE2A976EAE0054174F /* Frameworks */ = {
			isa = PBXFrameworksBuildPhase;
			buildActionMask = 2147483647;
			files = (
				114120E6494E3BD76C0E90C7 /* Pods_Tracker.framework in Frameworks */,
			);
			runOnlyForDeploymentPostprocessing = 0;
		};
/* End PBXFrameworksBuildPhase section */

/* Begin PBXGroup section */
		14587AD3055678E2EAE4CB15 /* Frameworks */ = {
			isa = PBXGroup;
			children = (
				42163219ADFF2873F9CA70BA /* Pods_Tracker.framework */,
				EF8E6EADAB2C6C47D1EC3A97 /* Pods_TrackerTests.framework */,
			);
			name = Frameworks;
			sourceTree = "<group>";
		};
		CC0C69C02B11FE7A009B99C0 /* TrackerTests */ = {
			isa = PBXGroup;
			children = (
				CC0C69C12B11FE7A009B99C0 /* TrackerTests.swift */,
			);
			path = TrackerTests;
			sourceTree = "<group>";
		};
		CC9307292ABC641F00A9170A /* Modals */ = {
			isa = PBXGroup;
			children = (
				CCBBA1F12A9914C10054174F /* TrackerModals.swift */,
				CCD7BB312ADC57930074343F /* OnboardingPageModel.swift */,
				CCD7BB332AE688910074343F /* CategoriesModel.swift */,
				CC64D5972B132A99006AE66C /* StatisticsViewModel.swift */,
			);
			path = Modals;
			sourceTree = "<group>";
		};
		CC93072A2ABC643900A9170A /* ViewControllers */ = {
			isa = PBXGroup;
			children = (
				CCBBA1F32A9923540054174F /* TrackerCreationViewController.swift */,
				CCBBA1EF2A979E700054174F /* SelectionViewController.swift */,
				CCBBA1ED2A978BF50054174F /* TrackersViewController.swift */,
				CCBBA1F52A9923800054174F /* ScheduleSettingViewController.swift */,
				CCD7BB2D2ADC56640074343F /* OnboardingPageViewController.swift */,
				CCD7BB2F2ADC56DD0074343F /* OnboardingViewController.swift */,
				CCD3C6022AA2524E00B5804C /* CategoryViewController.swift */,
				CCD7BB372AE68ABD0074343F /* NewCategoryViewController.swift */,
				CC64D5952B12699A006AE66C /* StatisticsViewController.swift */,
				CC64D59B2B13C6DD006AE66C /* FilterViewController.swift */,
			);
			path = ViewControllers;
			sourceTree = "<group>";
		};
		CC93072B2ABC646000A9170A /* Collections and headers */ = {
			isa = PBXGroup;
			children = (
				CCB756F62A9E02DE007DC0FF /* EmojiCollectionView.swift */,
				CCB756F42A9E02C0007DC0FF /* ColorCollectionView.swift */,
				CCEBD3022AF1595A0008D5EB /* CategoryHeader.swift */,
			);
			path = "Collections and headers";
			sourceTree = "<group>";
		};
		CCBA8C3A2AC6F416009C30FB /* CoreData */ = {
			isa = PBXGroup;
			children = (
				CCF94E822AD03B8200AFDCE8 /* CoreDataManager.swift */,
				CCBA8C362AC6E6BA009C30FB /* Model.xcdatamodeld */,
				CCBA8C3B2AC6F433009C30FB /* TrackerStore.swift */,
				CCBA8C3D2AC6F441009C30FB /* TrackerCategoryStore.swift */,
				CCBA8C3F2AC6F44E009C30FB /* TrackerRecordStore.swift */,
			);
			path = CoreData;
			sourceTree = "<group>";
		};
		CCBBA1C82A976EAE0054174F = {
			isa = PBXGroup;
			children = (
				CCBBA1D32A976EAE0054174F /* Tracker */,
				CC0C69C02B11FE7A009B99C0 /* TrackerTests */,
				CCBBA1D22A976EAE0054174F /* Products */,
				FE923835F280CC83811AE093 /* Pods */,
				14587AD3055678E2EAE4CB15 /* Frameworks */,
			);
			sourceTree = "<group>";
		};
		CCBBA1D22A976EAE0054174F /* Products */ = {
			isa = PBXGroup;
			children = (
				CCBBA1D12A976EAE0054174F /* Tracker.app */,
				CC0C69BF2B11FE7A009B99C0 /* TrackerTests.xctest */,
			);
			name = Products;
			sourceTree = "<group>";
		};
		CCBBA1D32A976EAE0054174F /* Tracker */ = {
			isa = PBXGroup;
			children = (
				CCBA8C3A2AC6F416009C30FB /* CoreData */,
				CC93072B2ABC646000A9170A /* Collections and headers */,
				CC93072A2ABC643900A9170A /* ViewControllers */,
				CC9307292ABC641F00A9170A /* Modals */,
				CCD3C6052AA252DA00B5804C /* Cell */,
				CCBBA1D42A976EAE0054174F /* AppDelegate.swift */,
				CCBBA1D62A976EAE0054174F /* SceneDelegate.swift */,
				CCBBA1EB2A978BAD0054174F /* TabBarController.swift */,
				CCBBA1DD2A976EAF0054174F /* Assets.xcassets */,
				CCBBA1EA2A9783FC0054174F /* Helpers */,
				CCBBA1DF2A976EAF0054174F /* LaunchScreen.storyboard */,
				CCBBA1E22A976EAF0054174F /* Info.plist */,
				CC2DD66F2B1231DA00D80773 /* Analitycs.swift */,
			);
			path = Tracker;
			sourceTree = "<group>";
		};
		CCBBA1EA2A9783FC0054174F /* Helpers */ = {
			isa = PBXGroup;
			children = (
				CCBBA1E82A9783EA0054174F /* UIColor+Extentions.swift */,
				CCF94E842AD041CC00AFDCE8 /* UIColorValueTransformer.swift */,
				CCF94E862AD0443000AFDCE8 /* ScheduleValueTransformer.swift */,
				CC98C0302B0F7D8F00916959 /* Localizable.strings */,
			);
			path = Helpers;
			sourceTree = "<group>";
		};
		CCD3C6052AA252DA00B5804C /* Cell */ = {
			isa = PBXGroup;
			children = (
				CCB756FA2A9E21FC007DC0FF /* ColorCollectionViewCell.swift */,
				CCBBA1F72A9B71B80054174F /* TrackerCell.swift */,
				CCB756F82A9E2096007DC0FF /* EmojiCollectionViewCell.swift */,
				CC64D5992B1331EA006AE66C /* StatisticTableViewCell.swift */,
			);
			path = Cell;
			sourceTree = "<group>";
		};
		FE923835F280CC83811AE093 /* Pods */ = {
			isa = PBXGroup;
			children = (
				C8422F4DE64C8C53A6766376 /* Pods-Tracker.debug.xcconfig */,
				7A4E9C6A7108297266E8CCE3 /* Pods-Tracker.release.xcconfig */,
				C6AAC0F6EB902BF25CCE2EB8 /* Pods-TrackerTests.debug.xcconfig */,
				E7EBA5622BEC1B404F3668DF /* Pods-TrackerTests.release.xcconfig */,
			);
			path = Pods;
			sourceTree = "<group>";
		};
/* End PBXGroup section */

/* Begin PBXNativeTarget section */
		CC0C69BE2B11FE7A009B99C0 /* TrackerTests */ = {
			isa = PBXNativeTarget;
			buildConfigurationList = CC0C69C52B11FE7A009B99C0 /* Build configuration list for PBXNativeTarget "TrackerTests" */;
			buildPhases = (
				C5A58C1F3977EA78327F2472 /* [CP] Check Pods Manifest.lock */,
				CC0C69BB2B11FE7A009B99C0 /* Sources */,
				CC0C69BC2B11FE7A009B99C0 /* Frameworks */,
				CC0C69BD2B11FE7A009B99C0 /* Resources */,
			);
			buildRules = (
			);
			dependencies = (
				CC0C69C42B11FE7A009B99C0 /* PBXTargetDependency */,
			);
			name = TrackerTests;
			packageProductDependencies = (
				CC0C69C92B11FEF8009B99C0 /* InlineSnapshotTesting */,
				CC0C69CB2B11FEF8009B99C0 /* SnapshotTesting */,
			);
			productName = TrackerTests;
			productReference = CC0C69BF2B11FE7A009B99C0 /* TrackerTests.xctest */;
			productType = "com.apple.product-type.bundle.unit-test";
		};
		CCBBA1D02A976EAE0054174F /* Tracker */ = {
			isa = PBXNativeTarget;
			buildConfigurationList = CCBBA1E52A976EAF0054174F /* Build configuration list for PBXNativeTarget "Tracker" */;
			buildPhases = (
				8C3CB44ABE454EC806C6A7E1 /* [CP] Check Pods Manifest.lock */,
				CCBBA1CD2A976EAE0054174F /* Sources */,
				CCBBA1CE2A976EAE0054174F /* Frameworks */,
				CCBBA1CF2A976EAE0054174F /* Resources */,
				5BF2B716004FB8F35F406141 /* [CP] Embed Pods Frameworks */,
			);
			buildRules = (
			);
			dependencies = (
			);
			name = Tracker;
			productName = Tracker;
			productReference = CCBBA1D12A976EAE0054174F /* Tracker.app */;
			productType = "com.apple.product-type.application";
		};
/* End PBXNativeTarget section */

/* Begin PBXProject section */
		CCBBA1C92A976EAE0054174F /* Project object */ = {
			isa = PBXProject;
			attributes = {
				BuildIndependentTargetsInParallel = 1;
				LastSwiftUpdateCheck = 1420;
				LastUpgradeCheck = 1420;
				TargetAttributes = {
					CC0C69BE2B11FE7A009B99C0 = {
						CreatedOnToolsVersion = 14.2;
						TestTargetID = CCBBA1D02A976EAE0054174F;
					};
					CCBBA1D02A976EAE0054174F = {
						CreatedOnToolsVersion = 14.2;
					};
				};
			};
			buildConfigurationList = CCBBA1CC2A976EAE0054174F /* Build configuration list for PBXProject "Tracker" */;
			compatibilityVersion = "Xcode 14.0";
			developmentRegion = en;
			hasScannedForEncodings = 0;
			knownRegions = (
				en,
				Base,
				ru,
			);
			mainGroup = CCBBA1C82A976EAE0054174F;
			packageReferences = (
				CC0C69C82B11FEF8009B99C0 /* XCRemoteSwiftPackageReference "swift-snapshot-testing" */,
			);
			productRefGroup = CCBBA1D22A976EAE0054174F /* Products */;
			projectDirPath = "";
			projectRoot = "";
			targets = (
				CCBBA1D02A976EAE0054174F /* Tracker */,
				CC0C69BE2B11FE7A009B99C0 /* TrackerTests */,
			);
		};
/* End PBXProject section */

/* Begin PBXResourcesBuildPhase section */
		CC0C69BD2B11FE7A009B99C0 /* Resources */ = {
			isa = PBXResourcesBuildPhase;
			buildActionMask = 2147483647;
			files = (
			);
			runOnlyForDeploymentPostprocessing = 0;
		};
		CCBBA1CF2A976EAE0054174F /* Resources */ = {
			isa = PBXResourcesBuildPhase;
			buildActionMask = 2147483647;
			files = (
				CCBBA1E12A976EAF0054174F /* LaunchScreen.storyboard in Resources */,
				CC98C02E2B0F7D8F00916959 /* Localizable.strings in Resources */,
				CCBBA1DE2A976EAF0054174F /* Assets.xcassets in Resources */,
			);
			runOnlyForDeploymentPostprocessing = 0;
		};
/* End PBXResourcesBuildPhase section */

/* Begin PBXShellScriptBuildPhase section */
		5BF2B716004FB8F35F406141 /* [CP] Embed Pods Frameworks */ = {
			isa = PBXShellScriptBuildPhase;
			buildActionMask = 2147483647;
			files = (
			);
			inputFileListPaths = (
				"${PODS_ROOT}/Target Support Files/Pods-Tracker/Pods-Tracker-frameworks-${CONFIGURATION}-input-files.xcfilelist",
			);
			name = "[CP] Embed Pods Frameworks";
			outputFileListPaths = (
				"${PODS_ROOT}/Target Support Files/Pods-Tracker/Pods-Tracker-frameworks-${CONFIGURATION}-output-files.xcfilelist",
			);
			runOnlyForDeploymentPostprocessing = 0;
			shellPath = /bin/sh;
			shellScript = "\"${PODS_ROOT}/Target Support Files/Pods-Tracker/Pods-Tracker-frameworks.sh\"\n";
			showEnvVarsInLog = 0;
		};
		8C3CB44ABE454EC806C6A7E1 /* [CP] Check Pods Manifest.lock */ = {
			isa = PBXShellScriptBuildPhase;
			buildActionMask = 2147483647;
			files = (
			);
			inputFileListPaths = (
			);
			inputPaths = (
				"${PODS_PODFILE_DIR_PATH}/Podfile.lock",
				"${PODS_ROOT}/Manifest.lock",
			);
			name = "[CP] Check Pods Manifest.lock";
			outputFileListPaths = (
			);
			outputPaths = (
				"$(DERIVED_FILE_DIR)/Pods-Tracker-checkManifestLockResult.txt",
			);
			runOnlyForDeploymentPostprocessing = 0;
			shellPath = /bin/sh;
			shellScript = "diff \"${PODS_PODFILE_DIR_PATH}/Podfile.lock\" \"${PODS_ROOT}/Manifest.lock\" > /dev/null\nif [ $? != 0 ] ; then\n    # print error to STDERR\n    echo \"error: The sandbox is not in sync with the Podfile.lock. Run 'pod install' or update your CocoaPods installation.\" >&2\n    exit 1\nfi\n# This output is used by Xcode 'outputs' to avoid re-running this script phase.\necho \"SUCCESS\" > \"${SCRIPT_OUTPUT_FILE_0}\"\n";
			showEnvVarsInLog = 0;
		};
		C5A58C1F3977EA78327F2472 /* [CP] Check Pods Manifest.lock */ = {
			isa = PBXShellScriptBuildPhase;
			buildActionMask = 2147483647;
			files = (
			);
			inputFileListPaths = (
			);
			inputPaths = (
				"${PODS_PODFILE_DIR_PATH}/Podfile.lock",
				"${PODS_ROOT}/Manifest.lock",
			);
			name = "[CP] Check Pods Manifest.lock";
			outputFileListPaths = (
			);
			outputPaths = (
				"$(DERIVED_FILE_DIR)/Pods-TrackerTests-checkManifestLockResult.txt",
			);
			runOnlyForDeploymentPostprocessing = 0;
			shellPath = /bin/sh;
			shellScript = "diff \"${PODS_PODFILE_DIR_PATH}/Podfile.lock\" \"${PODS_ROOT}/Manifest.lock\" > /dev/null\nif [ $? != 0 ] ; then\n    # print error to STDERR\n    echo \"error: The sandbox is not in sync with the Podfile.lock. Run 'pod install' or update your CocoaPods installation.\" >&2\n    exit 1\nfi\n# This output is used by Xcode 'outputs' to avoid re-running this script phase.\necho \"SUCCESS\" > \"${SCRIPT_OUTPUT_FILE_0}\"\n";
			showEnvVarsInLog = 0;
		};
/* End PBXShellScriptBuildPhase section */

/* Begin PBXSourcesBuildPhase section */
		CC0C69BB2B11FE7A009B99C0 /* Sources */ = {
			isa = PBXSourcesBuildPhase;
			buildActionMask = 2147483647;
			files = (
				CC0C69C22B11FE7A009B99C0 /* TrackerTests.swift in Sources */,
			);
			runOnlyForDeploymentPostprocessing = 0;
		};
		CCBBA1CD2A976EAE0054174F /* Sources */ = {
			isa = PBXSourcesBuildPhase;
			buildActionMask = 2147483647;
			files = (
				CCD7BB322ADC57930074343F /* OnboardingPageModel.swift in Sources */,
				CCB756F92A9E2096007DC0FF /* EmojiCollectionViewCell.swift in Sources */,
				CCBA8C402AC6F44E009C30FB /* TrackerRecordStore.swift in Sources */,
				CCBBA1F82A9B71B80054174F /* TrackerCell.swift in Sources */,
				CCBBA1E92A9783EA0054174F /* UIColor+Extentions.swift in Sources */,
				CCD7BB342AE688910074343F /* CategoriesModel.swift in Sources */,
				CCBBA1F22A9914C10054174F /* TrackerModals.swift in Sources */,
				CCB756F72A9E02DE007DC0FF /* EmojiCollectionView.swift in Sources */,
				CCD7BB2E2ADC56640074343F /* OnboardingPageViewController.swift in Sources */,
				CCBBA1D52A976EAE0054174F /* AppDelegate.swift in Sources */,
				CCD7BB382AE68ABD0074343F /* NewCategoryViewController.swift in Sources */,
				CCBBA1F42A9923540054174F /* TrackerCreationViewController.swift in Sources */,
				CCBBA1EC2A978BAD0054174F /* TabBarController.swift in Sources */,
				CCB756FB2A9E21FC007DC0FF /* ColorCollectionViewCell.swift in Sources */,
				CCEBD3032AF1595A0008D5EB /* CategoryHeader.swift in Sources */,
				CCBBA1D72A976EAE0054174F /* SceneDelegate.swift in Sources */,
				CCD3C6032AA2524E00B5804C /* CategoryViewController.swift in Sources */,
				CC2DD6702B1231DA00D80773 /* Analitycs.swift in Sources */,
				CC64D59A2B1331EA006AE66C /* StatisticTableViewCell.swift in Sources */,
				CCF94E872AD0443000AFDCE8 /* ScheduleValueTransformer.swift in Sources */,
				CCBA8C382AC6E6BA009C30FB /* Model.xcdatamodeld in Sources */,
				CCBBA1EE2A978BF50054174F /* TrackersViewController.swift in Sources */,
				CC64D5962B12699A006AE66C /* StatisticsViewController.swift in Sources */,
				CCB756F52A9E02C0007DC0FF /* ColorCollectionView.swift in Sources */,
				CCBA8C3E2AC6F441009C30FB /* TrackerCategoryStore.swift in Sources */,
				CCBBA1F62A9923800054174F /* ScheduleSettingViewController.swift in Sources */,
				CCD7BB302ADC56DD0074343F /* OnboardingViewController.swift in Sources */,
				CC64D59C2B13C6DD006AE66C /* FilterViewController.swift in Sources */,
				CCBBA1F02A979E700054174F /* SelectionViewController.swift in Sources */,
				CC64D5982B132A99006AE66C /* StatisticsViewModel.swift in Sources */,
				CCF94E832AD03B8200AFDCE8 /* CoreDataManager.swift in Sources */,
				CCF94E852AD041CC00AFDCE8 /* UIColorValueTransformer.swift in Sources */,
				CCBA8C3C2AC6F433009C30FB /* TrackerStore.swift in Sources */,
			);
			runOnlyForDeploymentPostprocessing = 0;
		};
/* End PBXSourcesBuildPhase section */

/* Begin PBXTargetDependency section */
		CC0C69C42B11FE7A009B99C0 /* PBXTargetDependency */ = {
			isa = PBXTargetDependency;
			target = CCBBA1D02A976EAE0054174F /* Tracker */;
			targetProxy = CC0C69C32B11FE7A009B99C0 /* PBXContainerItemProxy */;
		};
/* End PBXTargetDependency section */

/* Begin PBXVariantGroup section */
		CC98C0302B0F7D8F00916959 /* Localizable.strings */ = {
			isa = PBXVariantGroup;
			children = (
				CC98C02F2B0F7D8F00916959 /* ru */,
				CC98C0312B0F7D9300916959 /* en */,
			);
			name = Localizable.strings;
			sourceTree = "<group>";
		};
		CCBBA1DF2A976EAF0054174F /* LaunchScreen.storyboard */ = {
			isa = PBXVariantGroup;
			children = (
				CCBBA1E02A976EAF0054174F /* Base */,
				CC98C02B2B0F7D6300916959 /* ru */,
			);
			name = LaunchScreen.storyboard;
			sourceTree = "<group>";
		};
/* End PBXVariantGroup section */

/* Begin XCBuildConfiguration section */
		CC0C69C62B11FE7A009B99C0 /* Debug */ = {
			isa = XCBuildConfiguration;
			baseConfigurationReference = C6AAC0F6EB902BF25CCE2EB8 /* Pods-TrackerTests.debug.xcconfig */;
			buildSettings = {
				BUNDLE_LOADER = "$(TEST_HOST)";
				CODE_SIGN_STYLE = Automatic;
				CURRENT_PROJECT_VERSION = 1;
				DEVELOPMENT_TEAM = M64V58BG55;
				GENERATE_INFOPLIST_FILE = YES;
				MARKETING_VERSION = 1.0;
				PRODUCT_BUNDLE_IDENTIFIER = ru.yandex.practicumygkjhgjh.TrackerTests;
				PRODUCT_NAME = "$(TARGET_NAME)";
				SWIFT_EMIT_LOC_STRINGS = NO;
				SWIFT_VERSION = 5.0;
				TARGETED_DEVICE_FAMILY = "1,2";
				TEST_HOST = "$(BUILT_PRODUCTS_DIR)/Tracker.app/$(BUNDLE_EXECUTABLE_FOLDER_PATH)/Tracker";
			};
			name = Debug;
		};
		CC0C69C72B11FE7A009B99C0 /* Release */ = {
			isa = XCBuildConfiguration;
			baseConfigurationReference = E7EBA5622BEC1B404F3668DF /* Pods-TrackerTests.release.xcconfig */;
			buildSettings = {
				BUNDLE_LOADER = "$(TEST_HOST)";
				CODE_SIGN_STYLE = Automatic;
				CURRENT_PROJECT_VERSION = 1;
				DEVELOPMENT_TEAM = M64V58BG55;
				GENERATE_INFOPLIST_FILE = YES;
				MARKETING_VERSION = 1.0;
				PRODUCT_BUNDLE_IDENTIFIER = ru.yandex.practicumygkjhgjh.TrackerTests;
				PRODUCT_NAME = "$(TARGET_NAME)";
				SWIFT_EMIT_LOC_STRINGS = NO;
				SWIFT_VERSION = 5.0;
				TARGETED_DEVICE_FAMILY = "1,2";
				TEST_HOST = "$(BUILT_PRODUCTS_DIR)/Tracker.app/$(BUNDLE_EXECUTABLE_FOLDER_PATH)/Tracker";
			};
			name = Release;
		};
		CCBBA1E32A976EAF0054174F /* Debug */ = {
			isa = XCBuildConfiguration;
			buildSettings = {
				ALWAYS_SEARCH_USER_PATHS = NO;
				CLANG_ANALYZER_LOCALIZABILITY_NONLOCALIZED = YES;
				CLANG_ANALYZER_NONNULL = YES;
				CLANG_ANALYZER_NUMBER_OBJECT_CONVERSION = YES_AGGRESSIVE;
				CLANG_CXX_LANGUAGE_STANDARD = "gnu++20";
				CLANG_ENABLE_MODULES = YES;
				CLANG_ENABLE_OBJC_ARC = YES;
				CLANG_ENABLE_OBJC_WEAK = YES;
				CLANG_WARN_BLOCK_CAPTURE_AUTORELEASING = YES;
				CLANG_WARN_BOOL_CONVERSION = YES;
				CLANG_WARN_COMMA = YES;
				CLANG_WARN_CONSTANT_CONVERSION = YES;
				CLANG_WARN_DEPRECATED_OBJC_IMPLEMENTATIONS = YES;
				CLANG_WARN_DIRECT_OBJC_ISA_USAGE = YES_ERROR;
				CLANG_WARN_DOCUMENTATION_COMMENTS = YES;
				CLANG_WARN_EMPTY_BODY = YES;
				CLANG_WARN_ENUM_CONVERSION = YES;
				CLANG_WARN_INFINITE_RECURSION = YES;
				CLANG_WARN_INT_CONVERSION = YES;
				CLANG_WARN_NON_LITERAL_NULL_CONVERSION = YES;
				CLANG_WARN_OBJC_IMPLICIT_RETAIN_SELF = YES;
				CLANG_WARN_OBJC_LITERAL_CONVERSION = YES;
				CLANG_WARN_OBJC_ROOT_CLASS = YES_ERROR;
				CLANG_WARN_QUOTED_INCLUDE_IN_FRAMEWORK_HEADER = YES;
				CLANG_WARN_RANGE_LOOP_ANALYSIS = YES;
				CLANG_WARN_STRICT_PROTOTYPES = YES;
				CLANG_WARN_SUSPICIOUS_MOVE = YES;
				CLANG_WARN_UNGUARDED_AVAILABILITY = YES_AGGRESSIVE;
				CLANG_WARN_UNREACHABLE_CODE = YES;
				CLANG_WARN__DUPLICATE_METHOD_MATCH = YES;
				COPY_PHASE_STRIP = NO;
				DEBUG_INFORMATION_FORMAT = dwarf;
				ENABLE_STRICT_OBJC_MSGSEND = YES;
				ENABLE_TESTABILITY = YES;
				GCC_C_LANGUAGE_STANDARD = gnu11;
				GCC_DYNAMIC_NO_PIC = NO;
				GCC_NO_COMMON_BLOCKS = YES;
				GCC_OPTIMIZATION_LEVEL = 0;
				GCC_PREPROCESSOR_DEFINITIONS = (
					"DEBUG=1",
					"$(inherited)",
				);
				GCC_WARN_64_TO_32_BIT_CONVERSION = YES;
				GCC_WARN_ABOUT_RETURN_TYPE = YES_ERROR;
				GCC_WARN_UNDECLARED_SELECTOR = YES;
				GCC_WARN_UNINITIALIZED_AUTOS = YES_AGGRESSIVE;
				GCC_WARN_UNUSED_FUNCTION = YES;
				GCC_WARN_UNUSED_VARIABLE = YES;
				IPHONEOS_DEPLOYMENT_TARGET = 16.2;
				MTL_ENABLE_DEBUG_INFO = INCLUDE_SOURCE;
				MTL_FAST_MATH = YES;
				ONLY_ACTIVE_ARCH = YES;
				SDKROOT = iphoneos;
				SWIFT_ACTIVE_COMPILATION_CONDITIONS = DEBUG;
				SWIFT_OPTIMIZATION_LEVEL = "-Onone";
			};
			name = Debug;
		};
		CCBBA1E42A976EAF0054174F /* Release */ = {
			isa = XCBuildConfiguration;
			buildSettings = {
				ALWAYS_SEARCH_USER_PATHS = NO;
				CLANG_ANALYZER_LOCALIZABILITY_NONLOCALIZED = YES;
				CLANG_ANALYZER_NONNULL = YES;
				CLANG_ANALYZER_NUMBER_OBJECT_CONVERSION = YES_AGGRESSIVE;
				CLANG_CXX_LANGUAGE_STANDARD = "gnu++20";
				CLANG_ENABLE_MODULES = YES;
				CLANG_ENABLE_OBJC_ARC = YES;
				CLANG_ENABLE_OBJC_WEAK = YES;
				CLANG_WARN_BLOCK_CAPTURE_AUTORELEASING = YES;
				CLANG_WARN_BOOL_CONVERSION = YES;
				CLANG_WARN_COMMA = YES;
				CLANG_WARN_CONSTANT_CONVERSION = YES;
				CLANG_WARN_DEPRECATED_OBJC_IMPLEMENTATIONS = YES;
				CLANG_WARN_DIRECT_OBJC_ISA_USAGE = YES_ERROR;
				CLANG_WARN_DOCUMENTATION_COMMENTS = YES;
				CLANG_WARN_EMPTY_BODY = YES;
				CLANG_WARN_ENUM_CONVERSION = YES;
				CLANG_WARN_INFINITE_RECURSION = YES;
				CLANG_WARN_INT_CONVERSION = YES;
				CLANG_WARN_NON_LITERAL_NULL_CONVERSION = YES;
				CLANG_WARN_OBJC_IMPLICIT_RETAIN_SELF = YES;
				CLANG_WARN_OBJC_LITERAL_CONVERSION = YES;
				CLANG_WARN_OBJC_ROOT_CLASS = YES_ERROR;
				CLANG_WARN_QUOTED_INCLUDE_IN_FRAMEWORK_HEADER = YES;
				CLANG_WARN_RANGE_LOOP_ANALYSIS = YES;
				CLANG_WARN_STRICT_PROTOTYPES = YES;
				CLANG_WARN_SUSPICIOUS_MOVE = YES;
				CLANG_WARN_UNGUARDED_AVAILABILITY = YES_AGGRESSIVE;
				CLANG_WARN_UNREACHABLE_CODE = YES;
				CLANG_WARN__DUPLICATE_METHOD_MATCH = YES;
				COPY_PHASE_STRIP = NO;
				DEBUG_INFORMATION_FORMAT = "dwarf-with-dsym";
				ENABLE_NS_ASSERTIONS = NO;
				ENABLE_STRICT_OBJC_MSGSEND = YES;
				GCC_C_LANGUAGE_STANDARD = gnu11;
				GCC_NO_COMMON_BLOCKS = YES;
				GCC_WARN_64_TO_32_BIT_CONVERSION = YES;
				GCC_WARN_ABOUT_RETURN_TYPE = YES_ERROR;
				GCC_WARN_UNDECLARED_SELECTOR = YES;
				GCC_WARN_UNINITIALIZED_AUTOS = YES_AGGRESSIVE;
				GCC_WARN_UNUSED_FUNCTION = YES;
				GCC_WARN_UNUSED_VARIABLE = YES;
				IPHONEOS_DEPLOYMENT_TARGET = 16.2;
				MTL_ENABLE_DEBUG_INFO = NO;
				MTL_FAST_MATH = YES;
				SDKROOT = iphoneos;
				SWIFT_COMPILATION_MODE = wholemodule;
				SWIFT_OPTIMIZATION_LEVEL = "-O";
				VALIDATE_PRODUCT = YES;
			};
			name = Release;
		};
		CCBBA1E62A976EAF0054174F /* Debug */ = {
			isa = XCBuildConfiguration;
			baseConfigurationReference = C8422F4DE64C8C53A6766376 /* Pods-Tracker.debug.xcconfig */;
			buildSettings = {
				ASSETCATALOG_COMPILER_APPICON_NAME = AppIcon;
				ASSETCATALOG_COMPILER_GLOBAL_ACCENT_COLOR_NAME = AccentColor;
				CODE_SIGN_STYLE = Automatic;
				CURRENT_PROJECT_VERSION = 1;
				DEVELOPMENT_TEAM = M64V58BG55;
				GENERATE_INFOPLIST_FILE = YES;
				INFOPLIST_FILE = Tracker/Info.plist;
				INFOPLIST_KEY_UIApplicationSupportsIndirectInputEvents = YES;
				INFOPLIST_KEY_UILaunchStoryboardName = LaunchScreen;
				INFOPLIST_KEY_UISupportedInterfaceOrientations_iPad = "UIInterfaceOrientationPortrait UIInterfaceOrientationPortraitUpsideDown UIInterfaceOrientationLandscapeLeft UIInterfaceOrientationLandscapeRight";
				INFOPLIST_KEY_UISupportedInterfaceOrientations_iPhone = "UIInterfaceOrientationPortrait UIInterfaceOrientationLandscapeLeft UIInterfaceOrientationLandscapeRight";
				IPHONEOS_DEPLOYMENT_TARGET = 13.4;
				LD_RUNPATH_SEARCH_PATHS = (
					"$(inherited)",
					"@executable_path/Frameworks",
				);
				MARKETING_VERSION = 1.0;
				PRODUCT_BUNDLE_IDENTIFIER = "ru.yaugsssshjjw4t-ssjh.Tracker";
				PRODUCT_NAME = "$(TARGET_NAME)";
				SUPPORTED_PLATFORMS = "iphoneos iphonesimulator";
				SUPPORTS_MACCATALYST = NO;
				SUPPORTS_MAC_DESIGNED_FOR_IPHONE_IPAD = NO;
				SWIFT_EMIT_LOC_STRINGS = YES;
				SWIFT_VERSION = 5.0;
				TARGETED_DEVICE_FAMILY = "1,2";
			};
			name = Debug;
		};
		CCBBA1E72A976EAF0054174F /* Release */ = {
			isa = XCBuildConfiguration;
			baseConfigurationReference = 7A4E9C6A7108297266E8CCE3 /* Pods-Tracker.release.xcconfig */;
			buildSettings = {
				ASSETCATALOG_COMPILER_APPICON_NAME = AppIcon;
				ASSETCATALOG_COMPILER_GLOBAL_ACCENT_COLOR_NAME = AccentColor;
				CODE_SIGN_STYLE = Automatic;
				CURRENT_PROJECT_VERSION = 1;
				DEVELOPMENT_TEAM = M64V58BG55;
				GENERATE_INFOPLIST_FILE = YES;
				INFOPLIST_FILE = Tracker/Info.plist;
				INFOPLIST_KEY_UIApplicationSupportsIndirectInputEvents = YES;
				INFOPLIST_KEY_UILaunchStoryboardName = LaunchScreen;
				INFOPLIST_KEY_UISupportedInterfaceOrientations_iPad = "UIInterfaceOrientationPortrait UIInterfaceOrientationPortraitUpsideDown UIInterfaceOrientationLandscapeLeft UIInterfaceOrientationLandscapeRight";
				INFOPLIST_KEY_UISupportedInterfaceOrientations_iPhone = "UIInterfaceOrientationPortrait UIInterfaceOrientationLandscapeLeft UIInterfaceOrientationLandscapeRight";
				IPHONEOS_DEPLOYMENT_TARGET = 13.4;
				LD_RUNPATH_SEARCH_PATHS = (
					"$(inherited)",
					"@executable_path/Frameworks",
				);
				MARKETING_VERSION = 1.0;
				PRODUCT_BUNDLE_IDENTIFIER = "ru.yaugsssshjjw4t-ssjh.Tracker";
				PRODUCT_NAME = "$(TARGET_NAME)";
				SUPPORTED_PLATFORMS = "iphoneos iphonesimulator";
				SUPPORTS_MACCATALYST = NO;
				SUPPORTS_MAC_DESIGNED_FOR_IPHONE_IPAD = NO;
				SWIFT_EMIT_LOC_STRINGS = YES;
				SWIFT_VERSION = 5.0;
				TARGETED_DEVICE_FAMILY = "1,2";
			};
			name = Release;
		};
/* End XCBuildConfiguration section */

/* Begin XCConfigurationList section */
		CC0C69C52B11FE7A009B99C0 /* Build configuration list for PBXNativeTarget "TrackerTests" */ = {
			isa = XCConfigurationList;
			buildConfigurations = (
				CC0C69C62B11FE7A009B99C0 /* Debug */,
				CC0C69C72B11FE7A009B99C0 /* Release */,
			);
			defaultConfigurationIsVisible = 0;
			defaultConfigurationName = Release;
		};
		CCBBA1CC2A976EAE0054174F /* Build configuration list for PBXProject "Tracker" */ = {
			isa = XCConfigurationList;
			buildConfigurations = (
				CCBBA1E32A976EAF0054174F /* Debug */,
				CCBBA1E42A976EAF0054174F /* Release */,
			);
			defaultConfigurationIsVisible = 0;
			defaultConfigurationName = Release;
		};
		CCBBA1E52A976EAF0054174F /* Build configuration list for PBXNativeTarget "Tracker" */ = {
			isa = XCConfigurationList;
			buildConfigurations = (
				CCBBA1E62A976EAF0054174F /* Debug */,
				CCBBA1E72A976EAF0054174F /* Release */,
			);
			defaultConfigurationIsVisible = 0;
			defaultConfigurationName = Release;
		};
/* End XCConfigurationList section */

/* Begin XCRemoteSwiftPackageReference section */
		CC0C69C82B11FEF8009B99C0 /* XCRemoteSwiftPackageReference "swift-snapshot-testing" */ = {
			isa = XCRemoteSwiftPackageReference;
			repositoryURL = "https://github.com/pointfreeco/swift-snapshot-testing";
			requirement = {
				branch = main;
				kind = branch;
			};
		};
/* End XCRemoteSwiftPackageReference section */

/* Begin XCSwiftPackageProductDependency section */
		CC0C69C92B11FEF8009B99C0 /* InlineSnapshotTesting */ = {
			isa = XCSwiftPackageProductDependency;
			package = CC0C69C82B11FEF8009B99C0 /* XCRemoteSwiftPackageReference "swift-snapshot-testing" */;
			productName = InlineSnapshotTesting;
		};
		CC0C69CB2B11FEF8009B99C0 /* SnapshotTesting */ = {
			isa = XCSwiftPackageProductDependency;
			package = CC0C69C82B11FEF8009B99C0 /* XCRemoteSwiftPackageReference "swift-snapshot-testing" */;
			productName = SnapshotTesting;
		};
/* End XCSwiftPackageProductDependency section */

/* Begin XCVersionGroup section */
		CCBA8C362AC6E6BA009C30FB /* Model.xcdatamodeld */ = {
			isa = XCVersionGroup;
			children = (
				CCBA8C372AC6E6BA009C30FB /* Model.xcdatamodel */,
			);
			currentVersion = CCBA8C372AC6E6BA009C30FB /* Model.xcdatamodel */;
			path = Model.xcdatamodeld;
			sourceTree = "<group>";
			versionGroupType = wrapper.xcdatamodel;
		};
/* End XCVersionGroup section */
	};
	rootObject = CCBBA1C92A976EAE0054174F /* Project object */;
}
